
Microsoft Visual Studio Solution File, Format Version 12.00
# Visual Studio 15
VisualStudioVersion = 15.0.26730.16
MinimumVisualStudioVersion = 10.0.40219.1
Project("{8BC9CEB8-8B4A-11D0-8D11-00A0C91BC942}") = "DinoPark", "Week2\DinoPark\DinoPark\DinoPark.vcxproj", "{2369E508-E2FD-4681-83A6-A7676580FA8C}"
EndProject
Project("{8BC9CEB8-8B4A-11D0-8D11-00A0C91BC942}") = "FactorialLoop(OefenOpgave)", "Oefenopgaves\FactorialLoop\FactorialLoop.vcxproj", "{B44AB574-409D-477B-94E6-08192BDC5A6C}"
EndProject
Project("{8BC9CEB8-8B4A-11D0-8D11-00A0C91BC942}") = "PointerFunc(OefenOpgave)", "Oefenopgaves\FunctionPointer\FunctionPointer.vcxproj", "{7E092BE8-8912-4426-B999-39BB4B9DD756}"
EndProject
Project("{8BC9CEB8-8B4A-11D0-8D11-00A0C91BC942}") = "RoosterMK2", "Week2\ConsoleApp\ConsoleApp\ConsoleApp.vcxproj", "{FC6BC84B-3927-45B4-9CD9-47938E3670CB}"
EndProject
Project("{8BC9CEB8-8B4A-11D0-8D11-00A0C91BC942}") = "Dogcat", "Dogcat\Dogcat.vcxproj", "{C29BE5F4-0251-4588-AD40-31881354416E}"
EndProject
Project("{8BC9CEB8-8B4A-11D0-8D11-00A0C91BC942}") = "BroodjeDesMandje", "BroodjeDesMandje\BroodjeDesMandje.vcxproj", "{0C850FC4-3AE1-4B43-AE3F-CB23DC8BE2D1}"
EndProject
Global
	GlobalSection(SolutionConfigurationPlatforms) = preSolution
		Debug|Any CPU = Debug|Any CPU
		Debug|x64 = Debug|x64
		Debug|x86 = Debug|x86
		Release|Any CPU = Release|Any CPU
		Release|x64 = Release|x64
		Release|x86 = Release|x86
	EndGlobalSection
	GlobalSection(ProjectConfigurationPlatforms) = postSolution
		{2369E508-E2FD-4681-83A6-A7676580FA8C}.Debug|Any CPU.ActiveCfg = Debug|Win32
		{2369E508-E2FD-4681-83A6-A7676580FA8C}.Debug|x64.ActiveCfg = Debug|x64
		{2369E508-E2FD-4681-83A6-A7676580FA8C}.Debug|x64.Build.0 = Debug|x64
		{2369E508-E2FD-4681-83A6-A7676580FA8C}.Debug|x86.ActiveCfg = Debug|Win32
		{2369E508-E2FD-4681-83A6-A7676580FA8C}.Debug|x86.Build.0 = Debug|Win32
		{2369E508-E2FD-4681-83A6-A7676580FA8C}.Release|Any CPU.ActiveCfg = Release|Win32
		{2369E508-E2FD-4681-83A6-A7676580FA8C}.Release|x64.ActiveCfg = Release|x64
		{2369E508-E2FD-4681-83A6-A7676580FA8C}.Release|x64.Build.0 = Release|x64
		{2369E508-E2FD-4681-83A6-A7676580FA8C}.Release|x86.ActiveCfg = Release|Win32
		{2369E508-E2FD-4681-83A6-A7676580FA8C}.Release|x86.Build.0 = Release|Win32
		{B44AB574-409D-477B-94E6-08192BDC5A6C}.Debug|Any CPU.ActiveCfg = Debug|Win32
		{B44AB574-409D-477B-94E6-08192BDC5A6C}.Debug|x64.ActiveCfg = Debug|x64
		{B44AB574-409D-477B-94E6-08192BDC5A6C}.Debug|x64.Build.0 = Debug|x64
		{B44AB574-409D-477B-94E6-08192BDC5A6C}.Debug|x86.ActiveCfg = Debug|Win32
		{B44AB574-409D-477B-94E6-08192BDC5A6C}.Debug|x86.Build.0 = Debug|Win32
		{B44AB574-409D-477B-94E6-08192BDC5A6C}.Release|Any CPU.ActiveCfg = Release|Win32
		{B44AB574-409D-477B-94E6-08192BDC5A6C}.Release|x64.ActiveCfg = Release|x64
		{B44AB574-409D-477B-94E6-08192BDC5A6C}.Release|x64.Build.0 = Release|x64
		{B44AB574-409D-477B-94E6-08192BDC5A6C}.Release|x86.ActiveCfg = Release|Win32
		{B44AB574-409D-477B-94E6-08192BDC5A6C}.Release|x86.Build.0 = Release|Win32
		{7E092BE8-8912-4426-B999-39BB4B9DD756}.Debug|Any CPU.ActiveCfg = Debug|Win32
		{7E092BE8-8912-4426-B999-39BB4B9DD756}.Debug|x64.ActiveCfg = Debug|x64
		{7E092BE8-8912-4426-B999-39BB4B9DD756}.Debug|x64.Build.0 = Debug|x64
		{7E092BE8-8912-4426-B999-39BB4B9DD756}.Debug|x86.ActiveCfg = Debug|Win32
		{7E092BE8-8912-4426-B999-39BB4B9DD756}.Debug|x86.Build.0 = Debug|Win32
		{7E092BE8-8912-4426-B999-39BB4B9DD756}.Release|Any CPU.ActiveCfg = Release|Win32
		{7E092BE8-8912-4426-B999-39BB4B9DD756}.Release|x64.ActiveCfg = Release|x64
		{7E092BE8-8912-4426-B999-39BB4B9DD756}.Release|x64.Build.0 = Release|x64
		{7E092BE8-8912-4426-B999-39BB4B9DD756}.Release|x86.ActiveCfg = Release|Win32
		{7E092BE8-8912-4426-B999-39BB4B9DD756}.Release|x86.Build.0 = Release|Win32
		{FC6BC84B-3927-45B4-9CD9-47938E3670CB}.Debug|Any CPU.ActiveCfg = Debug|Win32
		{FC6BC84B-3927-45B4-9CD9-47938E3670CB}.Debug|x64.ActiveCfg = Debug|x64
		{FC6BC84B-3927-45B4-9CD9-47938E3670CB}.Debug|x64.Build.0 = Debug|x64
		{FC6BC84B-3927-45B4-9CD9-47938E3670CB}.Debug|x86.ActiveCfg = Debug|Win32
		{FC6BC84B-3927-45B4-9CD9-47938E3670CB}.Debug|x86.Build.0 = Debug|Win32
		{FC6BC84B-3927-45B4-9CD9-47938E3670CB}.Release|Any CPU.ActiveCfg = Release|Win32
		{FC6BC84B-3927-45B4-9CD9-47938E3670CB}.Release|x64.ActiveCfg = Release|x64
		{FC6BC84B-3927-45B4-9CD9-47938E3670CB}.Release|x64.Build.0 = Release|x64
		{FC6BC84B-3927-45B4-9CD9-47938E3670CB}.Release|x86.ActiveCfg = Release|Win32
		{FC6BC84B-3927-45B4-9CD9-47938E3670CB}.Release|x86.Build.0 = Release|Win32
		{C29BE5F4-0251-4588-AD40-31881354416E}.Debug|Any CPU.ActiveCfg = Debug|Win32
		{C29BE5F4-0251-4588-AD40-31881354416E}.Debug|x64.ActiveCfg = Debug|x64
		{C29BE5F4-0251-4588-AD40-31881354416E}.Debug|x64.Build.0 = Debug|x64
		{C29BE5F4-0251-4588-AD40-31881354416E}.Debug|x86.ActiveCfg = Debug|Win32
		{C29BE5F4-0251-4588-AD40-31881354416E}.Debug|x86.Build.0 = Debug|Win32
		{C29BE5F4-0251-4588-AD40-31881354416E}.Release|Any CPU.ActiveCfg = Release|Win32
		{C29BE5F4-0251-4588-AD40-31881354416E}.Release|x64.ActiveCfg = Release|x64
		{C29BE5F4-0251-4588-AD40-31881354416E}.Release|x64.Build.0 = Release|x64
		{C29BE5F4-0251-4588-AD40-31881354416E}.Release|x86.ActiveCfg = Release|Win32
		{C29BE5F4-0251-4588-AD40-31881354416E}.Release|x86.Build.0 = Release|Win32
		{0C850FC4-3AE1-4B43-AE3F-CB23DC8BE2D1}.Debug|Any CPU.ActiveCfg = Debug|Win32
		{0C850FC4-3AE1-4B43-AE3F-CB23DC8BE2D1}.Debug|x64.ActiveCfg = Debug|x64
		{0C850FC4-3AE1-4B43-AE3F-CB23DC8BE2D1}.Debug|x64.Build.0 = Debug|x64
		{0C850FC4-3AE1-4B43-AE3F-CB23DC8BE2D1}.Debug|x86.ActiveCfg = Debug|Win32
		{0C850FC4-3AE1-4B43-AE3F-CB23DC8BE2D1}.Debug|x86.Build.0 = Debug|Win32
		{0C850FC4-3AE1-4B43-AE3F-CB23DC8BE2D1}.Release|Any CPU.ActiveCfg = Release|Win32
		{0C850FC4-3AE1-4B43-AE3F-CB23DC8BE2D1}.Release|x64.ActiveCfg = Release|x64
		{0C850FC4-3AE1-4B43-AE3F-CB23DC8BE2D1}.Release|x64.Build.0 = Release|x64
		{0C850FC4-3AE1-4B43-AE3F-CB23DC8BE2D1}.Release|x86.ActiveCfg = Release|Win32
		{0C850FC4-3AE1-4B43-AE3F-CB23DC8BE2D1}.Release|x86.Build.0 = Release|Win32
	EndGlobalSection
	GlobalSection(SolutionProperties) = preSolution
		HideSolutionNode = FALSE
	EndGlobalSection
	GlobalSection(ExtensibilityGlobals) = postSolution
		SolutionGuid = {EC303223-A9B1-4252-A9A3-365144BBC9FE}
	EndGlobalSection
EndGlobal
